// !$*UTF8*$!
{
	archiveVersion = 1;
	classes = {
	};
	objectVersion = 55;
	objects = {

/* Begin PBXBuildFile section */
		8903E3442819C08500279EE7 /* Style.swift in Sources */ = {isa = PBXBuildFile; fileRef = 8903E3432819C08500279EE7 /* Style.swift */; };
		8903E3462819C9C400279EE7 /* ResetButton.swift in Sources */ = {isa = PBXBuildFile; fileRef = 8903E3452819C9C400279EE7 /* ResetButton.swift */; };
		8903E3482819CA1F00279EE7 /* RecommendedGuessDisplay.swift in Sources */ = {isa = PBXBuildFile; fileRef = 8903E3472819CA1F00279EE7 /* RecommendedGuessDisplay.swift */; };
		8903E34A2819CAB100279EE7 /* ShowWordListButton.swift in Sources */ = {isa = PBXBuildFile; fileRef = 8903E3492819CAB100279EE7 /* ShowWordListButton.swift */; };
		8903E34C2819CB5500279EE7 /* ResultButton.swift in Sources */ = {isa = PBXBuildFile; fileRef = 8903E34B2819CB5500279EE7 /* ResultButton.swift */; };
		8903E34E2819CBB300279EE7 /* SubmitGuessButton.swift in Sources */ = {isa = PBXBuildFile; fileRef = 8903E34D2819CBB300279EE7 /* SubmitGuessButton.swift */; };
		8903E3502819CE1700279EE7 /* PreviewHelpers.swift in Sources */ = {isa = PBXBuildFile; fileRef = 8903E34F2819CE1700279EE7 /* PreviewHelpers.swift */; };
		8903E3522819D13100279EE7 /* RegexUtilities.swift in Sources */ = {isa = PBXBuildFile; fileRef = 8903E3512819D13100279EE7 /* RegexUtilities.swift */; };
		8903E3542819D17100279EE7 /* Guess.swift in Sources */ = {isa = PBXBuildFile; fileRef = 8903E3532819D17100279EE7 /* Guess.swift */; };
		89116C61281D6C52004C45E4 /* PossibleWordList.swift in Sources */ = {isa = PBXBuildFile; fileRef = 89116C60281D6C52004C45E4 /* PossibleWordList.swift */; };
		89116C63281D7BC4004C45E4 /* Header.swift in Sources */ = {isa = PBXBuildFile; fileRef = 89116C62281D7BC4004C45E4 /* Header.swift */; };
		89116C65281D7C2B004C45E4 /* BottomControls.swift in Sources */ = {isa = PBXBuildFile; fileRef = 89116C64281D7C2B004C45E4 /* BottomControls.swift */; };
		89116C6E281D9DE9004C45E4 /* Take_Screenshots.swift in Sources */ = {isa = PBXBuildFile; fileRef = 89116C6D281D9DE9004C45E4 /* Take_Screenshots.swift */; };
		89116C77281D9E1B004C45E4 /* SnapshotHelper.swift in Sources */ = {isa = PBXBuildFile; fileRef = 89116C76281D9E1B004C45E4 /* SnapshotHelper.swift */; };
		894FB74928BA9B010043D891 /* Haptics.swift in Sources */ = {isa = PBXBuildFile; fileRef = 894FB74828BA9B010043D891 /* Haptics.swift */; };
		8958AD062818AC7700F9FE03 /* Wordle_GuesserApp.swift in Sources */ = {isa = PBXBuildFile; fileRef = 8958AD052818AC7700F9FE03 /* Wordle_GuesserApp.swift */; };
		8958AD082818AC7700F9FE03 /* RootView.swift in Sources */ = {isa = PBXBuildFile; fileRef = 8958AD072818AC7700F9FE03 /* RootView.swift */; };
		8958AD0A2818AC7800F9FE03 /* Assets.xcassets in Resources */ = {isa = PBXBuildFile; fileRef = 8958AD092818AC7800F9FE03 /* Assets.xcassets */; };
		8958AD0D2818AC7800F9FE03 /* Preview Assets.xcassets in Resources */ = {isa = PBXBuildFile; fileRef = 8958AD0C2818AC7800F9FE03 /* Preview Assets.xcassets */; };
		8958AD142818AC8400F9FE03 /* Game.swift in Sources */ = {isa = PBXBuildFile; fileRef = 8958AD132818AC8400F9FE03 /* Game.swift */; };
		8958AD162818ACA200F9FE03 /* 5-letter-words.txt in Resources */ = {isa = PBXBuildFile; fileRef = 8958AD152818ACA200F9FE03 /* 5-letter-words.txt */; };
		8958AD1A2818B77500F9FE03 /* GuessViews.swift in Sources */ = {isa = PBXBuildFile; fileRef = 8958AD192818B77500F9FE03 /* GuessViews.swift */; };
		89B1D94A2819920E00EAA8D3 /* Keyboard.swift in Sources */ = {isa = PBXBuildFile; fileRef = 89B1D9492819920E00EAA8D3 /* Keyboard.swift */; };
/* End PBXBuildFile section */

/* Begin PBXContainerItemProxy section */
		89116C71281D9DE9004C45E4 /* PBXContainerItemProxy */ = {
			isa = PBXContainerItemProxy;
			containerPortal = 8958ACFA2818AC7700F9FE03 /* Project object */;
			proxyType = 1;
			remoteGlobalIDString = 8958AD012818AC7700F9FE03;
			remoteInfo = "Wordle-Guesser";
		};
/* End PBXContainerItemProxy section */

/* Begin PBXCopyFilesBuildPhase section */
		89116C8F281F4DFE004C45E4 /* Embed App Clips */ = {
			isa = PBXCopyFilesBuildPhase;
			buildActionMask = 2147483647;
			dstPath = "$(CONTENTS_FOLDER_PATH)/AppClips";
			dstSubfolderSpec = 16;
			files = (
			);
			name = "Embed App Clips";
			runOnlyForDeploymentPostprocessing = 0;
		};
/* End PBXCopyFilesBuildPhase section */

/* Begin PBXFileReference section */
		8903E3422819BAD800279EE7 /* Info.plist */ = {isa = PBXFileReference; lastKnownFileType = text.plist; path = Info.plist; sourceTree = "<group>"; };
		8903E3432819C08500279EE7 /* Style.swift */ = {isa = PBXFileReference; lastKnownFileType = sourcecode.swift; path = Style.swift; sourceTree = "<group>"; };
		8903E3452819C9C400279EE7 /* ResetButton.swift */ = {isa = PBXFileReference; lastKnownFileType = sourcecode.swift; path = ResetButton.swift; sourceTree = "<group>"; };
		8903E3472819CA1F00279EE7 /* RecommendedGuessDisplay.swift */ = {isa = PBXFileReference; lastKnownFileType = sourcecode.swift; path = RecommendedGuessDisplay.swift; sourceTree = "<group>"; };
		8903E3492819CAB100279EE7 /* ShowWordListButton.swift */ = {isa = PBXFileReference; lastKnownFileType = sourcecode.swift; path = ShowWordListButton.swift; sourceTree = "<group>"; };
		8903E34B2819CB5500279EE7 /* ResultButton.swift */ = {isa = PBXFileReference; lastKnownFileType = sourcecode.swift; path = ResultButton.swift; sourceTree = "<group>"; };
		8903E34D2819CBB300279EE7 /* SubmitGuessButton.swift */ = {isa = PBXFileReference; lastKnownFileType = sourcecode.swift; path = SubmitGuessButton.swift; sourceTree = "<group>"; };
		8903E34F2819CE1700279EE7 /* PreviewHelpers.swift */ = {isa = PBXFileReference; lastKnownFileType = sourcecode.swift; path = PreviewHelpers.swift; sourceTree = "<group>"; };
		8903E3512819D13100279EE7 /* RegexUtilities.swift */ = {isa = PBXFileReference; lastKnownFileType = sourcecode.swift; path = RegexUtilities.swift; sourceTree = "<group>"; };
		8903E3532819D17100279EE7 /* Guess.swift */ = {isa = PBXFileReference; lastKnownFileType = sourcecode.swift; path = Guess.swift; sourceTree = "<group>"; };
		89116C60281D6C52004C45E4 /* PossibleWordList.swift */ = {isa = PBXFileReference; lastKnownFileType = sourcecode.swift; path = PossibleWordList.swift; sourceTree = "<group>"; };
		89116C62281D7BC4004C45E4 /* Header.swift */ = {isa = PBXFileReference; lastKnownFileType = sourcecode.swift; path = Header.swift; sourceTree = "<group>"; };
		89116C64281D7C2B004C45E4 /* BottomControls.swift */ = {isa = PBXFileReference; lastKnownFileType = sourcecode.swift; path = BottomControls.swift; sourceTree = "<group>"; };
		89116C66281D949F004C45E4 /* Wordle-Guesser.entitlements */ = {isa = PBXFileReference; lastKnownFileType = text.plist.entitlements; path = "Wordle-Guesser.entitlements"; sourceTree = "<group>"; };
		89116C6B281D9DE9004C45E4 /* Take-Screenshots.xctest */ = {isa = PBXFileReference; explicitFileType = wrapper.cfbundle; includeInIndex = 0; path = "Take-Screenshots.xctest"; sourceTree = BUILT_PRODUCTS_DIR; };
		89116C6D281D9DE9004C45E4 /* Take_Screenshots.swift */ = {isa = PBXFileReference; lastKnownFileType = sourcecode.swift; path = Take_Screenshots.swift; sourceTree = "<group>"; };
		89116C76281D9E1B004C45E4 /* SnapshotHelper.swift */ = {isa = PBXFileReference; fileEncoding = 4; lastKnownFileType = sourcecode.swift; name = SnapshotHelper.swift; path = "Take-Screenshots/SnapshotHelper.swift"; sourceTree = SOURCE_ROOT; };
		89116CAC281F5C14004C45E4 /* README.md */ = {isa = PBXFileReference; lastKnownFileType = net.daringfireball.markdown; path = README.md; sourceTree = "<group>"; };
		894FB74828BA9B010043D891 /* Haptics.swift */ = {isa = PBXFileReference; lastKnownFileType = sourcecode.swift; path = Haptics.swift; sourceTree = "<group>"; };
		8958AD022818AC7700F9FE03 /* Wordle-Guesser.app */ = {isa = PBXFileReference; explicitFileType = wrapper.application; includeInIndex = 0; path = "Wordle-Guesser.app"; sourceTree = BUILT_PRODUCTS_DIR; };
		8958AD052818AC7700F9FE03 /* Wordle_GuesserApp.swift */ = {isa = PBXFileReference; lastKnownFileType = sourcecode.swift; path = Wordle_GuesserApp.swift; sourceTree = "<group>"; };
		8958AD072818AC7700F9FE03 /* RootView.swift */ = {isa = PBXFileReference; lastKnownFileType = sourcecode.swift; path = RootView.swift; sourceTree = "<group>"; };
		8958AD092818AC7800F9FE03 /* Assets.xcassets */ = {isa = PBXFileReference; lastKnownFileType = folder.assetcatalog; path = Assets.xcassets; sourceTree = "<group>"; };
		8958AD0C2818AC7800F9FE03 /* Preview Assets.xcassets */ = {isa = PBXFileReference; lastKnownFileType = folder.assetcatalog; path = "Preview Assets.xcassets"; sourceTree = "<group>"; };
		8958AD132818AC8400F9FE03 /* Game.swift */ = {isa = PBXFileReference; lastKnownFileType = sourcecode.swift; path = Game.swift; sourceTree = "<group>"; };
		8958AD152818ACA200F9FE03 /* 5-letter-words.txt */ = {isa = PBXFileReference; fileEncoding = 4; lastKnownFileType = text; path = "5-letter-words.txt"; sourceTree = "<group>"; };
		8958AD192818B77500F9FE03 /* GuessViews.swift */ = {isa = PBXFileReference; lastKnownFileType = sourcecode.swift; path = GuessViews.swift; sourceTree = "<group>"; };
		89B1D9492819920E00EAA8D3 /* Keyboard.swift */ = {isa = PBXFileReference; lastKnownFileType = sourcecode.swift; path = Keyboard.swift; sourceTree = "<group>"; };
/* End PBXFileReference section */

/* Begin PBXFrameworksBuildPhase section */
		89116C68281D9DE9004C45E4 /* Frameworks */ = {
			isa = PBXFrameworksBuildPhase;
			buildActionMask = 2147483647;
			files = (
			);
			runOnlyForDeploymentPostprocessing = 0;
		};
		8958ACFF2818AC7700F9FE03 /* Frameworks */ = {
			isa = PBXFrameworksBuildPhase;
			buildActionMask = 2147483647;
			files = (
			);
			runOnlyForDeploymentPostprocessing = 0;
		};
/* End PBXFrameworksBuildPhase section */

/* Begin PBXGroup section */
		89116C6C281D9DE9004C45E4 /* Take-Screenshots */ = {
			isa = PBXGroup;
			children = (
				89116C76281D9E1B004C45E4 /* SnapshotHelper.swift */,
				89116C6D281D9DE9004C45E4 /* Take_Screenshots.swift */,
			);
			path = "Take-Screenshots";
			sourceTree = "<group>";
		};
		89116CA9281F4F71004C45E4 /* Frameworks */ = {
			isa = PBXGroup;
			children = (
			);
			name = Frameworks;
			sourceTree = "<group>";
		};
		8958ACF92818AC7700F9FE03 = {
			isa = PBXGroup;
			children = (
				89116CAC281F5C14004C45E4 /* README.md */,
				8958AD042818AC7700F9FE03 /* Wordle-Guesser */,
				89116C6C281D9DE9004C45E4 /* Take-Screenshots */,
				8958AD032818AC7700F9FE03 /* Products */,
				89116CA9281F4F71004C45E4 /* Frameworks */,
			);
			sourceTree = "<group>";
		};
		8958AD032818AC7700F9FE03 /* Products */ = {
			isa = PBXGroup;
			children = (
				8958AD022818AC7700F9FE03 /* Wordle-Guesser.app */,
				89116C6B281D9DE9004C45E4 /* Take-Screenshots.xctest */,
			);
			name = Products;
			sourceTree = "<group>";
		};
		8958AD042818AC7700F9FE03 /* Wordle-Guesser */ = {
			isa = PBXGroup;
			children = (
				89116C66281D949F004C45E4 /* Wordle-Guesser.entitlements */,
				8903E3422819BAD800279EE7 /* Info.plist */,
				8958AD052818AC7700F9FE03 /* Wordle_GuesserApp.swift */,
				8958AD072818AC7700F9FE03 /* RootView.swift */,
				89116C64281D7C2B004C45E4 /* BottomControls.swift */,
				89116C62281D7BC4004C45E4 /* Header.swift */,
				8903E3452819C9C400279EE7 /* ResetButton.swift */,
				8903E3472819CA1F00279EE7 /* RecommendedGuessDisplay.swift */,
				8903E3492819CAB100279EE7 /* ShowWordListButton.swift */,
				89116C60281D6C52004C45E4 /* PossibleWordList.swift */,
				8903E34B2819CB5500279EE7 /* ResultButton.swift */,
				8958AD192818B77500F9FE03 /* GuessViews.swift */,
				8903E34F2819CE1700279EE7 /* PreviewHelpers.swift */,
				8903E34D2819CBB300279EE7 /* SubmitGuessButton.swift */,
				8903E3432819C08500279EE7 /* Style.swift */,
				89B1D9492819920E00EAA8D3 /* Keyboard.swift */,
				8958AD132818AC8400F9FE03 /* Game.swift */,
				8903E3532819D17100279EE7 /* Guess.swift */,
				8903E3512819D13100279EE7 /* RegexUtilities.swift */,
				894FB74828BA9B010043D891 /* Haptics.swift */,
				8958AD152818ACA200F9FE03 /* 5-letter-words.txt */,
				8958AD092818AC7800F9FE03 /* Assets.xcassets */,
				8958AD0B2818AC7800F9FE03 /* Preview Content */,
			);
			path = "Wordle-Guesser";
			sourceTree = "<group>";
		};
		8958AD0B2818AC7800F9FE03 /* Preview Content */ = {
			isa = PBXGroup;
			children = (
				8958AD0C2818AC7800F9FE03 /* Preview Assets.xcassets */,
			);
			path = "Preview Content";
			sourceTree = "<group>";
		};
/* End PBXGroup section */

/* Begin PBXNativeTarget section */
		89116C6A281D9DE9004C45E4 /* Take-Screenshots */ = {
			isa = PBXNativeTarget;
			buildConfigurationList = 89116C73281D9DE9004C45E4 /* Build configuration list for PBXNativeTarget "Take-Screenshots" */;
			buildPhases = (
				89116C67281D9DE9004C45E4 /* Sources */,
				89116C68281D9DE9004C45E4 /* Frameworks */,
				89116C69281D9DE9004C45E4 /* Resources */,
			);
			buildRules = (
			);
			dependencies = (
				89116C72281D9DE9004C45E4 /* PBXTargetDependency */,
			);
			name = "Take-Screenshots";
			productName = "Take-Screenshots";
			productReference = 89116C6B281D9DE9004C45E4 /* Take-Screenshots.xctest */;
			productType = "com.apple.product-type.bundle.ui-testing";
		};
		8958AD012818AC7700F9FE03 /* Wordle-Guesser */ = {
			isa = PBXNativeTarget;
			buildConfigurationList = 8958AD102818AC7800F9FE03 /* Build configuration list for PBXNativeTarget "Wordle-Guesser" */;
			buildPhases = (
				8958ACFE2818AC7700F9FE03 /* Sources */,
				8958ACFF2818AC7700F9FE03 /* Frameworks */,
				8958AD002818AC7700F9FE03 /* Resources */,
				89116C8F281F4DFE004C45E4 /* Embed App Clips */,
			);
			buildRules = (
			);
			dependencies = (
			);
			name = "Wordle-Guesser";
			packageProductDependencies = (
			);
			productName = "Wordle-Guesser";
			productReference = 8958AD022818AC7700F9FE03 /* Wordle-Guesser.app */;
			productType = "com.apple.product-type.application";
		};
/* End PBXNativeTarget section */

/* Begin PBXProject section */
		8958ACFA2818AC7700F9FE03 /* Project object */ = {
			isa = PBXProject;
			attributes = {
				BuildIndependentTargetsInParallel = 1;
				LastSwiftUpdateCheck = 1330;
				LastUpgradeCheck = 1330;
				TargetAttributes = {
					89116C6A281D9DE9004C45E4 = {
						CreatedOnToolsVersion = 13.3;
						TestTargetID = 8958AD012818AC7700F9FE03;
					};
					8958AD012818AC7700F9FE03 = {
						CreatedOnToolsVersion = 13.3;
					};
				};
			};
			buildConfigurationList = 8958ACFD2818AC7700F9FE03 /* Build configuration list for PBXProject "Wordle-Guesser" */;
			compatibilityVersion = "Xcode 13.0";
			developmentRegion = en;
			hasScannedForEncodings = 0;
			knownRegions = (
				en,
				Base,
			);
			mainGroup = 8958ACF92818AC7700F9FE03;
			packageReferences = (
			);
			productRefGroup = 8958AD032818AC7700F9FE03 /* Products */;
			projectDirPath = "";
			projectRoot = "";
			targets = (
				8958AD012818AC7700F9FE03 /* Wordle-Guesser */,
				89116C6A281D9DE9004C45E4 /* Take-Screenshots */,
			);
		};
/* End PBXProject section */

/* Begin PBXResourcesBuildPhase section */
		89116C69281D9DE9004C45E4 /* Resources */ = {
			isa = PBXResourcesBuildPhase;
			buildActionMask = 2147483647;
			files = (
			);
			runOnlyForDeploymentPostprocessing = 0;
		};
		8958AD002818AC7700F9FE03 /* Resources */ = {
			isa = PBXResourcesBuildPhase;
			buildActionMask = 2147483647;
			files = (
				8958AD162818ACA200F9FE03 /* 5-letter-words.txt in Resources */,
				8958AD0D2818AC7800F9FE03 /* Preview Assets.xcassets in Resources */,
				8958AD0A2818AC7800F9FE03 /* Assets.xcassets in Resources */,
			);
			runOnlyForDeploymentPostprocessing = 0;
		};
/* End PBXResourcesBuildPhase section */

/* Begin PBXSourcesBuildPhase section */
		89116C67281D9DE9004C45E4 /* Sources */ = {
			isa = PBXSourcesBuildPhase;
			buildActionMask = 2147483647;
			files = (
				89116C6E281D9DE9004C45E4 /* Take_Screenshots.swift in Sources */,
				89116C77281D9E1B004C45E4 /* SnapshotHelper.swift in Sources */,
			);
			runOnlyForDeploymentPostprocessing = 0;
		};
		8958ACFE2818AC7700F9FE03 /* Sources */ = {
			isa = PBXSourcesBuildPhase;
			buildActionMask = 2147483647;
			files = (
				894FB74928BA9B010043D891 /* Haptics.swift in Sources */,
				89116C63281D7BC4004C45E4 /* Header.swift in Sources */,
				8903E34A2819CAB100279EE7 /* ShowWordListButton.swift in Sources */,
				89B1D94A2819920E00EAA8D3 /* Keyboard.swift in Sources */,
				8958AD082818AC7700F9FE03 /* RootView.swift in Sources */,
				8903E34E2819CBB300279EE7 /* SubmitGuessButton.swift in Sources */,
				8903E34C2819CB5500279EE7 /* ResultButton.swift in Sources */,
				8903E3522819D13100279EE7 /* RegexUtilities.swift in Sources */,
				8903E3502819CE1700279EE7 /* PreviewHelpers.swift in Sources */,
				8958AD142818AC8400F9FE03 /* Game.swift in Sources */,
				8958AD062818AC7700F9FE03 /* Wordle_GuesserApp.swift in Sources */,
				8903E3482819CA1F00279EE7 /* RecommendedGuessDisplay.swift in Sources */,
				8958AD1A2818B77500F9FE03 /* GuessViews.swift in Sources */,
				89116C65281D7C2B004C45E4 /* BottomControls.swift in Sources */,
				8903E3542819D17100279EE7 /* Guess.swift in Sources */,
				8903E3462819C9C400279EE7 /* ResetButton.swift in Sources */,
				8903E3442819C08500279EE7 /* Style.swift in Sources */,
				89116C61281D6C52004C45E4 /* PossibleWordList.swift in Sources */,
			);
			runOnlyForDeploymentPostprocessing = 0;
		};
/* End PBXSourcesBuildPhase section */

/* Begin PBXTargetDependency section */
		89116C72281D9DE9004C45E4 /* PBXTargetDependency */ = {
			isa = PBXTargetDependency;
			target = 8958AD012818AC7700F9FE03 /* Wordle-Guesser */;
			targetProxy = 89116C71281D9DE9004C45E4 /* PBXContainerItemProxy */;
		};
/* End PBXTargetDependency section */

/* Begin XCBuildConfiguration section */
		89116C74281D9DE9004C45E4 /* Debug */ = {
			isa = XCBuildConfiguration;
			buildSettings = {
				CODE_SIGN_STYLE = Automatic;
				CURRENT_PROJECT_VERSION = 1;
				DEVELOPMENT_TEAM = CJ3HCZ6WWQ;
				GENERATE_INFOPLIST_FILE = YES;
				MARKETING_VERSION = 1.0;
				PRODUCT_BUNDLE_IDENTIFIER = "ElementsOfDesign.Take-Screenshots";
				PRODUCT_NAME = "$(TARGET_NAME)";
				SWIFT_EMIT_LOC_STRINGS = NO;
				SWIFT_VERSION = 5.0;
				TARGETED_DEVICE_FAMILY = "1,2";
				TEST_TARGET_NAME = "Wordle-Guesser";
			};
			name = Debug;
		};
		89116C75281D9DE9004C45E4 /* Release */ = {
			isa = XCBuildConfiguration;
			buildSettings = {
				CODE_SIGN_STYLE = Automatic;
				CURRENT_PROJECT_VERSION = 1;
				DEVELOPMENT_TEAM = CJ3HCZ6WWQ;
				GENERATE_INFOPLIST_FILE = YES;
				MARKETING_VERSION = 1.0;
				PRODUCT_BUNDLE_IDENTIFIER = "ElementsOfDesign.Take-Screenshots";
				PRODUCT_NAME = "$(TARGET_NAME)";
				SWIFT_EMIT_LOC_STRINGS = NO;
				SWIFT_VERSION = 5.0;
				TARGETED_DEVICE_FAMILY = "1,2";
				TEST_TARGET_NAME = "Wordle-Guesser";
			};
			name = Release;
		};
		8958AD0E2818AC7800F9FE03 /* Debug */ = {
			isa = XCBuildConfiguration;
			buildSettings = {
				ALWAYS_SEARCH_USER_PATHS = NO;
				CLANG_ANALYZER_NONNULL = YES;
				CLANG_ANALYZER_NUMBER_OBJECT_CONVERSION = YES_AGGRESSIVE;
				CLANG_CXX_LANGUAGE_STANDARD = "gnu++17";
				CLANG_ENABLE_MODULES = YES;
				CLANG_ENABLE_OBJC_ARC = YES;
				CLANG_ENABLE_OBJC_WEAK = YES;
				CLANG_WARN_BLOCK_CAPTURE_AUTORELEASING = YES;
				CLANG_WARN_BOOL_CONVERSION = YES;
				CLANG_WARN_COMMA = YES;
				CLANG_WARN_CONSTANT_CONVERSION = YES;
				CLANG_WARN_DEPRECATED_OBJC_IMPLEMENTATIONS = YES;
				CLANG_WARN_DIRECT_OBJC_ISA_USAGE = YES_ERROR;
				CLANG_WARN_DOCUMENTATION_COMMENTS = YES;
				CLANG_WARN_EMPTY_BODY = YES;
				CLANG_WARN_ENUM_CONVERSION = YES;
				CLANG_WARN_INFINITE_RECURSION = YES;
				CLANG_WARN_INT_CONVERSION = YES;
				CLANG_WARN_NON_LITERAL_NULL_CONVERSION = YES;
				CLANG_WARN_OBJC_IMPLICIT_RETAIN_SELF = YES;
				CLANG_WARN_OBJC_LITERAL_CONVERSION = YES;
				CLANG_WARN_OBJC_ROOT_CLASS = YES_ERROR;
				CLANG_WARN_QUOTED_INCLUDE_IN_FRAMEWORK_HEADER = YES;
				CLANG_WARN_RANGE_LOOP_ANALYSIS = YES;
				CLANG_WARN_STRICT_PROTOTYPES = YES;
				CLANG_WARN_SUSPICIOUS_MOVE = YES;
				CLANG_WARN_UNGUARDED_AVAILABILITY = YES_AGGRESSIVE;
				CLANG_WARN_UNREACHABLE_CODE = YES;
				CLANG_WARN__DUPLICATE_METHOD_MATCH = YES;
				COPY_PHASE_STRIP = NO;
				DEBUG_INFORMATION_FORMAT = dwarf;
				ENABLE_STRICT_OBJC_MSGSEND = YES;
				ENABLE_TESTABILITY = YES;
				GCC_C_LANGUAGE_STANDARD = gnu11;
				GCC_DYNAMIC_NO_PIC = NO;
				GCC_NO_COMMON_BLOCKS = YES;
				GCC_OPTIMIZATION_LEVEL = 0;
				GCC_PREPROCESSOR_DEFINITIONS = (
					"DEBUG=1",
					"$(inherited)",
				);
				GCC_WARN_64_TO_32_BIT_CONVERSION = YES;
				GCC_WARN_ABOUT_RETURN_TYPE = YES_ERROR;
				GCC_WARN_UNDECLARED_SELECTOR = YES;
				GCC_WARN_UNINITIALIZED_AUTOS = YES_AGGRESSIVE;
				GCC_WARN_UNUSED_FUNCTION = YES;
				GCC_WARN_UNUSED_VARIABLE = YES;
				IPHONEOS_DEPLOYMENT_TARGET = 15.4;
				MTL_ENABLE_DEBUG_INFO = INCLUDE_SOURCE;
				MTL_FAST_MATH = YES;
				ONLY_ACTIVE_ARCH = YES;
				SDKROOT = iphoneos;
				SWIFT_ACTIVE_COMPILATION_CONDITIONS = DEBUG;
				SWIFT_OPTIMIZATION_LEVEL = "-Onone";
			};
			name = Debug;
		};
		8958AD0F2818AC7800F9FE03 /* Release */ = {
			isa = XCBuildConfiguration;
			buildSettings = {
				ALWAYS_SEARCH_USER_PATHS = NO;
				CLANG_ANALYZER_NONNULL = YES;
				CLANG_ANALYZER_NUMBER_OBJECT_CONVERSION = YES_AGGRESSIVE;
				CLANG_CXX_LANGUAGE_STANDARD = "gnu++17";
				CLANG_ENABLE_MODULES = YES;
				CLANG_ENABLE_OBJC_ARC = YES;
				CLANG_ENABLE_OBJC_WEAK = YES;
				CLANG_WARN_BLOCK_CAPTURE_AUTORELEASING = YES;
				CLANG_WARN_BOOL_CONVERSION = YES;
				CLANG_WARN_COMMA = YES;
				CLANG_WARN_CONSTANT_CONVERSION = YES;
				CLANG_WARN_DEPRECATED_OBJC_IMPLEMENTATIONS = YES;
				CLANG_WARN_DIRECT_OBJC_ISA_USAGE = YES_ERROR;
				CLANG_WARN_DOCUMENTATION_COMMENTS = YES;
				CLANG_WARN_EMPTY_BODY = YES;
				CLANG_WARN_ENUM_CONVERSION = YES;
				CLANG_WARN_INFINITE_RECURSION = YES;
				CLANG_WARN_INT_CONVERSION = YES;
				CLANG_WARN_NON_LITERAL_NULL_CONVERSION = YES;
				CLANG_WARN_OBJC_IMPLICIT_RETAIN_SELF = YES;
				CLANG_WARN_OBJC_LITERAL_CONVERSION = YES;
				CLANG_WARN_OBJC_ROOT_CLASS = YES_ERROR;
				CLANG_WARN_QUOTED_INCLUDE_IN_FRAMEWORK_HEADER = YES;
				CLANG_WARN_RANGE_LOOP_ANALYSIS = YES;
				CLANG_WARN_STRICT_PROTOTYPES = YES;
				CLANG_WARN_SUSPICIOUS_MOVE = YES;
				CLANG_WARN_UNGUARDED_AVAILABILITY = YES_AGGRESSIVE;
				CLANG_WARN_UNREACHABLE_CODE = YES;
				CLANG_WARN__DUPLICATE_METHOD_MATCH = YES;
				COPY_PHASE_STRIP = NO;
				DEBUG_INFORMATION_FORMAT = "dwarf-with-dsym";
				ENABLE_NS_ASSERTIONS = NO;
				ENABLE_STRICT_OBJC_MSGSEND = YES;
				GCC_C_LANGUAGE_STANDARD = gnu11;
				GCC_NO_COMMON_BLOCKS = YES;
				GCC_WARN_64_TO_32_BIT_CONVERSION = YES;
				GCC_WARN_ABOUT_RETURN_TYPE = YES_ERROR;
				GCC_WARN_UNDECLARED_SELECTOR = YES;
				GCC_WARN_UNINITIALIZED_AUTOS = YES_AGGRESSIVE;
				GCC_WARN_UNUSED_FUNCTION = YES;
				GCC_WARN_UNUSED_VARIABLE = YES;
				IPHONEOS_DEPLOYMENT_TARGET = 15.4;
				MTL_ENABLE_DEBUG_INFO = NO;
				MTL_FAST_MATH = YES;
				SDKROOT = iphoneos;
				SWIFT_COMPILATION_MODE = wholemodule;
				SWIFT_OPTIMIZATION_LEVEL = "-O";
				VALIDATE_PRODUCT = YES;
			};
			name = Release;
		};
		8958AD112818AC7800F9FE03 /* Debug */ = {
			isa = XCBuildConfiguration;
			buildSettings = {
				ALWAYS_EMBED_SWIFT_STANDARD_LIBRARIES = YES;
				ASSETCATALOG_COMPILER_APPICON_NAME = AppIcon;
				ASSETCATALOG_COMPILER_GLOBAL_ACCENT_COLOR_NAME = AccentColor;
				CODE_SIGN_ENTITLEMENTS = "Wordle-Guesser/Wordle-Guesser.entitlements";
				CODE_SIGN_STYLE = Automatic;
				CURRENT_PROJECT_VERSION = 12;
				DEVELOPMENT_ASSET_PATHS = "\"Wordle-Guesser/Preview Content\"";
				DEVELOPMENT_TEAM = CJ3HCZ6WWQ;
				ENABLE_PREVIEWS = YES;
				GENERATE_INFOPLIST_FILE = YES;
				INFOPLIST_FILE = "Wordle-Guesser/Info.plist";
				INFOPLIST_KEY_CFBundleDisplayName = "5 Letter Word Finder";
				INFOPLIST_KEY_UIApplicationSupportsIndirectInputEvents = YES;
				INFOPLIST_KEY_UILaunchScreen_Generation = YES;
				INFOPLIST_KEY_UIRequiresFullScreen = YES;
				INFOPLIST_KEY_UISupportedInterfaceOrientations = UIInterfaceOrientationPortrait;
				INFOPLIST_KEY_UISupportedInterfaceOrientations_iPad = UIInterfaceOrientationPortrait;
				INFOPLIST_KEY_UISupportedInterfaceOrientations_iPhone = UIInterfaceOrientationPortrait;
				LD_RUNPATH_SEARCH_PATHS = (
					"$(inherited)",
					"@executable_path/Frameworks",
				);
				MARKETING_VERSION = 1.0;
				PRODUCT_BUNDLE_IDENTIFIER = "ElementsOfDesign.Wordle-Guesser";
				PRODUCT_NAME = "$(TARGET_NAME)";
				SUPPORTS_MACCATALYST = NO;
				SWIFT_EMIT_LOC_STRINGS = YES;
				SWIFT_VERSION = 5.0;
				TARGETED_DEVICE_FAMILY = "1,2";
			};
			name = Debug;
		};
		8958AD122818AC7800F9FE03 /* Release */ = {
			isa = XCBuildConfiguration;
			buildSettings = {
				ALWAYS_EMBED_SWIFT_STANDARD_LIBRARIES = YES;
				ASSETCATALOG_COMPILER_APPICON_NAME = AppIcon;
				ASSETCATALOG_COMPILER_GLOBAL_ACCENT_COLOR_NAME = AccentColor;
				CODE_SIGN_ENTITLEMENTS = "Wordle-Guesser/Wordle-Guesser.entitlements";
				CODE_SIGN_STYLE = Automatic;
				CURRENT_PROJECT_VERSION = 12;
				DEVELOPMENT_ASSET_PATHS = "\"Wordle-Guesser/Preview Content\"";
				DEVELOPMENT_TEAM = CJ3HCZ6WWQ;
				ENABLE_PREVIEWS = YES;
				GENERATE_INFOPLIST_FILE = YES;
				INFOPLIST_FILE = "Wordle-Guesser/Info.plist";
				INFOPLIST_KEY_CFBundleDisplayName = "5 Letter Word Finder";
				INFOPLIST_KEY_UIApplicationSupportsIndirectInputEvents = YES;
				INFOPLIST_KEY_UILaunchScreen_Generation = YES;
				INFOPLIST_KEY_UIRequiresFullScreen = YES;
				INFOPLIST_KEY_UISupportedInterfaceOrientations = UIInterfaceOrientationPortrait;
				INFOPLIST_KEY_UISupportedInterfaceOrientations_iPad = UIInterfaceOrientationPortrait;
				INFOPLIST_KEY_UISupportedInterfaceOrientations_iPhone = UIInterfaceOrientationPortrait;
				LD_RUNPATH_SEARCH_PATHS = (
					"$(inherited)",
					"@executable_path/Frameworks",
				);
				MARKETING_VERSION = 1.0;
				PRODUCT_BUNDLE_IDENTIFIER = "ElementsOfDesign.Wordle-Guesser";
				PRODUCT_NAME = "$(TARGET_NAME)";
				SUPPORTS_MACCATALYST = NO;
				SWIFT_EMIT_LOC_STRINGS = YES;
				SWIFT_VERSION = 5.0;
				TARGETED_DEVICE_FAMILY = "1,2";
			};
			name = Release;
		};
/* End XCBuildConfiguration section */

/* Begin XCConfigurationList section */
		89116C73281D9DE9004C45E4 /* Build configuration list for PBXNativeTarget "Take-Screenshots" */ = {
			isa = XCConfigurationList;
			buildConfigurations = (
				89116C74281D9DE9004C45E4 /* Debug */,
				89116C75281D9DE9004C45E4 /* Release */,
			);
			defaultConfigurationIsVisible = 0;
			defaultConfigurationName = Release;
		};
		8958ACFD2818AC7700F9FE03 /* Build configuration list for PBXProject "Wordle-Guesser" */ = {
			isa = XCConfigurationList;
			buildConfigurations = (
				8958AD0E2818AC7800F9FE03 /* Debug */,
				8958AD0F2818AC7800F9FE03 /* Release */,
			);
			defaultConfigurationIsVisible = 0;
			defaultConfigurationName = Release;
		};
		8958AD102818AC7800F9FE03 /* Build configuration list for PBXNativeTarget "Wordle-Guesser" */ = {
			isa = XCConfigurationList;
			buildConfigurations = (
				8958AD112818AC7800F9FE03 /* Debug */,
				8958AD122818AC7800F9FE03 /* Release */,
			);
			defaultConfigurationIsVisible = 0;
			defaultConfigurationName = Release;
		};
/* End XCConfigurationList section */
	};
	rootObject = 8958ACFA2818AC7700F9FE03 /* Project object */;
}
